
Microsoft Visual Studio Solution File, Format Version 12.00
# Visual Studio Version 17
VisualStudioVersion = 17.13.35931.197 d17.13
MinimumVisualStudioVersion = 10.0.40219.1
Project("{FAE04EC0-301F-11D3-BF4B-00C04F79EFBC}") = "AnimacionFiguras", "AnimacionWMP\AnimacionFiguras.csproj", "{4673455E-54EB-41C4-9EEE-9472DA75F5D6}"
EndProject
Global
	GlobalSection(SolutionConfigurationPlatforms) = preSolution
		Debug|Any CPU = Debug|Any CPU
		Release|Any CPU = Release|Any CPU
	EndGlobalSection
	GlobalSection(ProjectConfigurationPlatforms) = postSolution
		{4673455E-54EB-41C4-9EEE-9472DA75F5D6}.Debug|Any CPU.ActiveCfg = Debug|Any CPU
		{4673455E-54EB-41C4-9EEE-9472DA75F5D6}.Debug|Any CPU.Build.0 = Debug|Any CPU
		{4673455E-54EB-41C4-9EEE-9472DA75F5D6}.Release|Any CPU.ActiveCfg = Release|Any CPU
		{4673455E-54EB-41C4-9EEE-9472DA75F5D6}.Release|Any CPU.Build.0 = Release|Any CPU
	EndGlobalSection
	GlobalSection(SolutionProperties) = preSolution
		HideSolutionNode = FALSE
	EndGlobalSection
	GlobalSection(ExtensibilityGlobals) = postSolution
		SolutionGuid = {2BDD6E3C-B111-421D-B5B3-E09DC5152DF9}
	EndGlobalSection
EndGlobal
